
Microsoft Visual Studio Solution File, Format Version 12.00
# 17
VisualStudioVersion = 17.10.35013.160
MinimumVisualStudioVersion = 10.0.40219.1
Project("{9A19103F-16F7-4668-BE54-9A1E7A4F7556}") = "Jvw.DevToys.SemverCalculator", "Jvw.DevToys.SemverCalculator\Jvw.DevToys.SemverCalculator.csproj", "{CA804FE9-CA40-4B2F-A7D8-86E41EAB213D}"
EndProject
Project("{2150E333-8FDC-42A3-9474-1A3956D46DE8}") = "Solution", "Solution", "{6BCCBB68-2021-4A28-B734-B433020EEF6B}"
	ProjectSection(SolutionItems) = preProject
		.gitignore = .gitignore
		Directory.Packages.props = Directory.Packages.props
		.config\dotnet-tools.json = .config\dotnet-tools.json
	EndProjectSection
EndProject
Project("{9A19103F-16F7-4668-BE54-9A1E7A4F7556}") = "Jvw.DevToys.SemverCalculator.Tests", "Jvw.DevToys.SemverCalculator.Tests\Jvw.DevToys.SemverCalculator.Tests.csproj", "{4B955671-D767-4D62-848F-63D559328C0A}"
EndProject
Project("{FAE04EC0-301F-11D3-BF4B-00C04F79EFBC}") = "NuGet.Versioning", "NuGet.Versioning\NuGet.Versioning.csproj", "{C7AE9E39-00BF-47CC-82ED-9B64F3E935F8}"
EndProject
Global
	GlobalSection(SolutionConfigurationPlatforms) = preSolution
		Debug|Any CPU = Debug|Any CPU
		Release|Any CPU = Release|Any CPU
	EndGlobalSection
	GlobalSection(ProjectConfigurationPlatforms) = postSolution
		{CA804FE9-CA40-4B2F-A7D8-86E41EAB213D}.Debug|Any CPU.ActiveCfg = Debug|Any CPU
		{CA804FE9-CA40-4B2F-A7D8-86E41EAB213D}.Debug|Any CPU.Build.0 = Debug|Any CPU
		{CA804FE9-CA40-4B2F-A7D8-86E41EAB213D}.Release|Any CPU.ActiveCfg = Release|Any CPU
		{CA804FE9-CA40-4B2F-A7D8-86E41EAB213D}.Release|Any CPU.Build.0 = Release|Any CPU
		{4B955671-D767-4D62-848F-63D559328C0A}.Debug|Any CPU.ActiveCfg = Debug|Any CPU
		{4B955671-D767-4D62-848F-63D559328C0A}.Debug|Any CPU.Build.0 = Debug|Any CPU
		{4B955671-D767-4D62-848F-63D559328C0A}.Release|Any CPU.ActiveCfg = Release|Any CPU
		{4B955671-D767-4D62-848F-63D559328C0A}.Release|Any CPU.Build.0 = Release|Any CPU
		{C7AE9E39-00BF-47CC-82ED-9B64F3E935F8}.Debug|Any CPU.ActiveCfg = Debug|Any CPU
		{C7AE9E39-00BF-47CC-82ED-9B64F3E935F8}.Debug|Any CPU.Build.0 = Debug|Any CPU
		{C7AE9E39-00BF-47CC-82ED-9B64F3E935F8}.Release|Any CPU.ActiveCfg = Release|Any CPU
		{C7AE9E39-00BF-47CC-82ED-9B64F3E935F8}.Release|Any CPU.Build.0 = Release|Any CPU
	EndGlobalSection
	GlobalSection(SolutionProperties) = preSolution
		HideSolutionNode = FALSE
	EndGlobalSection
	GlobalSection(ExtensibilityGlobals) = postSolution
		SolutionGuid = {DF3E4FE5-C1C2-41CF-B819-CA165787BBAD}
	EndGlobalSection
EndGlobal
