
Microsoft Visual Studio Solution File, Format Version 12.00
# Visual Studio Version 17
VisualStudioVersion = 17.10.35013.160
MinimumVisualStudioVersion = 10.0.40219.1
Project("{9A19103F-16F7-4668-BE54-9A1E7A4F7556}") = "Jvw.DevToys.SemverCalculator", "Jvw.DevToys.SemverCalculator\Jvw.DevToys.SemverCalculator.csproj", "{CA804FE9-CA40-4B2F-A7D8-86E41EAB213D}"
EndProject
Project("{2150E333-8FDC-42A3-9474-1A3956D46DE8}") = "Solution", "Solution", "{6BCCBB68-2021-4A28-B734-B433020EEF6B}"
	ProjectSection(SolutionItems) = preProject
		.gitignore = .gitignore
	EndProjectSection
EndProject
Global
	GlobalSection(SolutionConfigurationPlatforms) = preSolution
		Debug|Any CPU = Debug|Any CPU
		Release|Any CPU = Release|Any CPU
	EndGlobalSection
	GlobalSection(ProjectConfigurationPlatforms) = postSolution
		{CA804FE9-CA40-4B2F-A7D8-86E41EAB213D}.Debug|Any CPU.ActiveCfg = Debug|Any CPU
		{CA804FE9-CA40-4B2F-A7D8-86E41EAB213D}.Debug|Any CPU.Build.0 = Debug|Any CPU
		{CA804FE9-CA40-4B2F-A7D8-86E41EAB213D}.Release|Any CPU.ActiveCfg = Release|Any CPU
		{CA804FE9-CA40-4B2F-A7D8-86E41EAB213D}.Release|Any CPU.Build.0 = Release|Any CPU
	EndGlobalSection
	GlobalSection(SolutionProperties) = preSolution
		HideSolutionNode = FALSE
	EndGlobalSection
	GlobalSection(ExtensibilityGlobals) = postSolution
		SolutionGuid = {DF3E4FE5-C1C2-41CF-B819-CA165787BBAD}
	EndGlobalSection
EndGlobal
